Microsoft Visual Studio Solution File, Format Version 12.00
# Visual Studio 15
VisualStudioVersion = 15.0.28010.2050
MinimumVisualStudioVersion = 10.0.40219.1
Project("{FAE04EC0-301F-11D3-BF4B-00C04F79EFBC}") = "Droid.Infra.UI", "Droid.Infra.UI\Droid.Infra.UI.csproj", "{6827572C-022E-4C94-8E6C-4F4FC7AEAB18}"
	ProjectSection(ProjectDependencies) = postProject
		{FBE96590-61D5-4EA7-8D07-7FA9B501C0D6} = {FBE96590-61D5-4EA7-8D07-7FA9B501C0D6}
	EndProjectSection
EndProject
Project("{9A19103F-16F7-4668-BE54-9A1E7A4F7556}") = "Droid.Infra", "Droid.Infra\Droid.Infra.csproj", "{FBE96590-61D5-4EA7-8D07-7FA9B501C0D6}"
EndProject
Project("{9A19103F-16F7-4668-BE54-9A1E7A4F7556}") = "Droid.Infra.UnitTest", "Droid.Infra.UnitTest\Droid.Infra.UnitTest.csproj", "{D4220925-0951-4C65-B27A-A0945A2E7396}"
EndProject
Global
	GlobalSection(SolutionConfigurationPlatforms) = preSolution
		Debug|Any CPU = Debug|Any CPU
		Debug|x64 = Debug|x64
		Debug|x86 = Debug|x86
		Droid|Any CPU = Droid|Any CPU
		Droid|x64 = Droid|x64
		Droid|x86 = Droid|x86
		netcore|Any CPU = netcore|Any CPU
		netcore|x64 = netcore|x64
		netcore|x86 = netcore|x86
		Release|Any CPU = Release|Any CPU
		Release|x64 = Release|x64
		Release|x86 = Release|x86
		TobiProject|Any CPU = TobiProject|Any CPU
		TobiProject|x64 = TobiProject|x64
		TobiProject|x86 = TobiProject|x86
	EndGlobalSection
	GlobalSection(ProjectConfigurationPlatforms) = postSolution
		{6827572C-022E-4C94-8E6C-4F4FC7AEAB18}.Debug|Any CPU.ActiveCfg = Debug|Any CPU
		{6827572C-022E-4C94-8E6C-4F4FC7AEAB18}.Debug|Any CPU.Build.0 = Debug|Any CPU
		{6827572C-022E-4C94-8E6C-4F4FC7AEAB18}.Debug|x64.ActiveCfg = Debug|x64
		{6827572C-022E-4C94-8E6C-4F4FC7AEAB18}.Debug|x64.Build.0 = Debug|x64
		{6827572C-022E-4C94-8E6C-4F4FC7AEAB18}.Debug|x86.ActiveCfg = Debug|x86
		{6827572C-022E-4C94-8E6C-4F4FC7AEAB18}.Debug|x86.Build.0 = Debug|x86
		{6827572C-022E-4C94-8E6C-4F4FC7AEAB18}.Droid|Any CPU.ActiveCfg = Debug|Any CPU
		{6827572C-022E-4C94-8E6C-4F4FC7AEAB18}.Droid|Any CPU.Build.0 = Debug|Any CPU
		{6827572C-022E-4C94-8E6C-4F4FC7AEAB18}.Droid|x64.ActiveCfg = Droid|x64
		{6827572C-022E-4C94-8E6C-4F4FC7AEAB18}.Droid|x64.Build.0 = Droid|x64
		{6827572C-022E-4C94-8E6C-4F4FC7AEAB18}.Droid|x86.ActiveCfg = Droid|x86
		{6827572C-022E-4C94-8E6C-4F4FC7AEAB18}.Droid|x86.Build.0 = Droid|x86
		{6827572C-022E-4C94-8E6C-4F4FC7AEAB18}.netcore|Any CPU.ActiveCfg = Debug|Any CPU
		{6827572C-022E-4C94-8E6C-4F4FC7AEAB18}.netcore|x64.ActiveCfg = netcore|x64
		{6827572C-022E-4C94-8E6C-4F4FC7AEAB18}.netcore|x64.Build.0 = netcore|x64
		{6827572C-022E-4C94-8E6C-4F4FC7AEAB18}.netcore|x86.ActiveCfg = netcore|x86
		{6827572C-022E-4C94-8E6C-4F4FC7AEAB18}.netcore|x86.Build.0 = netcore|x86
		{6827572C-022E-4C94-8E6C-4F4FC7AEAB18}.Release|Any CPU.ActiveCfg = Debug|Any CPU
		{6827572C-022E-4C94-8E6C-4F4FC7AEAB18}.Release|Any CPU.Build.0 = Debug|Any CPU
		{6827572C-022E-4C94-8E6C-4F4FC7AEAB18}.Release|x64.ActiveCfg = Release|x64
		{6827572C-022E-4C94-8E6C-4F4FC7AEAB18}.Release|x64.Build.0 = Release|x64
		{6827572C-022E-4C94-8E6C-4F4FC7AEAB18}.Release|x86.ActiveCfg = Release|x86
		{6827572C-022E-4C94-8E6C-4F4FC7AEAB18}.Release|x86.Build.0 = Release|x86
		{6827572C-022E-4C94-8E6C-4F4FC7AEAB18}.TobiProject|Any CPU.ActiveCfg = Debug|Any CPU
		{6827572C-022E-4C94-8E6C-4F4FC7AEAB18}.TobiProject|Any CPU.Build.0 = Debug|Any CPU
		{6827572C-022E-4C94-8E6C-4F4FC7AEAB18}.TobiProject|x64.ActiveCfg = TobiProject|x64
		{6827572C-022E-4C94-8E6C-4F4FC7AEAB18}.TobiProject|x64.Build.0 = TobiProject|x64
		{6827572C-022E-4C94-8E6C-4F4FC7AEAB18}.TobiProject|x86.ActiveCfg = TobiProject|x86
		{6827572C-022E-4C94-8E6C-4F4FC7AEAB18}.TobiProject|x86.Build.0 = TobiProject|x86
		{FBE96590-61D5-4EA7-8D07-7FA9B501C0D6}.Debug|Any CPU.ActiveCfg = Debug|Any CPU
		{FBE96590-61D5-4EA7-8D07-7FA9B501C0D6}.Debug|Any CPU.Build.0 = Debug|Any CPU
		{FBE96590-61D5-4EA7-8D07-7FA9B501C0D6}.Debug|x64.ActiveCfg = Debug|Any CPU
		{FBE96590-61D5-4EA7-8D07-7FA9B501C0D6}.Debug|x64.Build.0 = Debug|Any CPU
		{FBE96590-61D5-4EA7-8D07-7FA9B501C0D6}.Debug|x86.ActiveCfg = Debug|Any CPU
		{FBE96590-61D5-4EA7-8D07-7FA9B501C0D6}.Debug|x86.Build.0 = Debug|Any CPU
		{FBE96590-61D5-4EA7-8D07-7FA9B501C0D6}.Droid|Any CPU.ActiveCfg = Debug|Any CPU
		{FBE96590-61D5-4EA7-8D07-7FA9B501C0D6}.Droid|Any CPU.Build.0 = Debug|Any CPU
		{FBE96590-61D5-4EA7-8D07-7FA9B501C0D6}.Droid|x64.ActiveCfg = Debug|Any CPU
		{FBE96590-61D5-4EA7-8D07-7FA9B501C0D6}.Droid|x64.Build.0 = Debug|Any CPU
		{FBE96590-61D5-4EA7-8D07-7FA9B501C0D6}.Droid|x86.ActiveCfg = Debug|Any CPU
		{FBE96590-61D5-4EA7-8D07-7FA9B501C0D6}.Droid|x86.Build.0 = Debug|Any CPU
		{FBE96590-61D5-4EA7-8D07-7FA9B501C0D6}.netcore|Any CPU.ActiveCfg = Debug|Any CPU
		{FBE96590-61D5-4EA7-8D07-7FA9B501C0D6}.netcore|Any CPU.Build.0 = Debug|Any CPU
		{FBE96590-61D5-4EA7-8D07-7FA9B501C0D6}.netcore|x64.ActiveCfg = netcore|Any CPU
		{FBE96590-61D5-4EA7-8D07-7FA9B501C0D6}.netcore|x64.Build.0 = netcore|Any CPU
		{FBE96590-61D5-4EA7-8D07-7FA9B501C0D6}.netcore|x86.ActiveCfg = netcore|Any CPU
		{FBE96590-61D5-4EA7-8D07-7FA9B501C0D6}.netcore|x86.Build.0 = netcore|Any CPU
		{FBE96590-61D5-4EA7-8D07-7FA9B501C0D6}.Release|Any CPU.ActiveCfg = Debug|Any CPU
		{FBE96590-61D5-4EA7-8D07-7FA9B501C0D6}.Release|Any CPU.Build.0 = Debug|Any CPU
		{FBE96590-61D5-4EA7-8D07-7FA9B501C0D6}.Release|x64.ActiveCfg = Release|Any CPU
		{FBE96590-61D5-4EA7-8D07-7FA9B501C0D6}.Release|x64.Build.0 = Release|Any CPU
		{FBE96590-61D5-4EA7-8D07-7FA9B501C0D6}.Release|x86.ActiveCfg = Release|Any CPU
		{FBE96590-61D5-4EA7-8D07-7FA9B501C0D6}.Release|x86.Build.0 = Release|Any CPU
		{FBE96590-61D5-4EA7-8D07-7FA9B501C0D6}.TobiProject|Any CPU.ActiveCfg = Debug|Any CPU
		{FBE96590-61D5-4EA7-8D07-7FA9B501C0D6}.TobiProject|Any CPU.Build.0 = Debug|Any CPU
		{FBE96590-61D5-4EA7-8D07-7FA9B501C0D6}.TobiProject|x64.ActiveCfg = Debug|Any CPU
		{FBE96590-61D5-4EA7-8D07-7FA9B501C0D6}.TobiProject|x64.Build.0 = Debug|Any CPU
		{FBE96590-61D5-4EA7-8D07-7FA9B501C0D6}.TobiProject|x86.ActiveCfg = Debug|Any CPU
		{FBE96590-61D5-4EA7-8D07-7FA9B501C0D6}.TobiProject|x86.Build.0 = Debug|Any CPU
		{D4220925-0951-4C65-B27A-A0945A2E7396}.Debug|Any CPU.ActiveCfg = Debug|Any CPU
		{D4220925-0951-4C65-B27A-A0945A2E7396}.Debug|Any CPU.Build.0 = Debug|Any CPU
		{D4220925-0951-4C65-B27A-A0945A2E7396}.Debug|x64.ActiveCfg = Debug|Any CPU
		{D4220925-0951-4C65-B27A-A0945A2E7396}.Debug|x64.Build.0 = Debug|Any CPU
		{D4220925-0951-4C65-B27A-A0945A2E7396}.Debug|x86.ActiveCfg = Debug|Any CPU
		{D4220925-0951-4C65-B27A-A0945A2E7396}.Debug|x86.Build.0 = Debug|Any CPU
		{D4220925-0951-4C65-B27A-A0945A2E7396}.Droid|Any CPU.ActiveCfg = Debug|Any CPU
		{D4220925-0951-4C65-B27A-A0945A2E7396}.Droid|Any CPU.Build.0 = Debug|Any CPU
		{D4220925-0951-4C65-B27A-A0945A2E7396}.Droid|x64.ActiveCfg = Debug|Any CPU
		{D4220925-0951-4C65-B27A-A0945A2E7396}.Droid|x64.Build.0 = Debug|Any CPU
		{D4220925-0951-4C65-B27A-A0945A2E7396}.Droid|x86.ActiveCfg = Debug|Any CPU
		{D4220925-0951-4C65-B27A-A0945A2E7396}.Droid|x86.Build.0 = Debug|Any CPU
		{D4220925-0951-4C65-B27A-A0945A2E7396}.netcore|Any CPU.ActiveCfg = Debug|Any CPU
		{D4220925-0951-4C65-B27A-A0945A2E7396}.netcore|Any CPU.Build.0 = Debug|Any CPU
		{D4220925-0951-4C65-B27A-A0945A2E7396}.netcore|x64.ActiveCfg = Debug|Any CPU
		{D4220925-0951-4C65-B27A-A0945A2E7396}.netcore|x64.Build.0 = Debug|Any CPU
		{D4220925-0951-4C65-B27A-A0945A2E7396}.netcore|x86.ActiveCfg = Debug|Any CPU
		{D4220925-0951-4C65-B27A-A0945A2E7396}.netcore|x86.Build.0 = Debug|Any CPU
		{D4220925-0951-4C65-B27A-A0945A2E7396}.Release|Any CPU.ActiveCfg = Release|Any CPU
		{D4220925-0951-4C65-B27A-A0945A2E7396}.Release|Any CPU.Build.0 = Release|Any CPU
		{D4220925-0951-4C65-B27A-A0945A2E7396}.Release|x64.ActiveCfg = Release|Any CPU
		{D4220925-0951-4C65-B27A-A0945A2E7396}.Release|x64.Build.0 = Release|Any CPU
		{D4220925-0951-4C65-B27A-A0945A2E7396}.Release|x86.ActiveCfg = Release|Any CPU
		{D4220925-0951-4C65-B27A-A0945A2E7396}.Release|x86.Build.0 = Release|Any CPU
		{D4220925-0951-4C65-B27A-A0945A2E7396}.TobiProject|Any CPU.ActiveCfg = Debug|Any CPU
		{D4220925-0951-4C65-B27A-A0945A2E7396}.TobiProject|Any CPU.Build.0 = Debug|Any CPU
		{D4220925-0951-4C65-B27A-A0945A2E7396}.TobiProject|x64.ActiveCfg = Debug|Any CPU
		{D4220925-0951-4C65-B27A-A0945A2E7396}.TobiProject|x64.Build.0 = Debug|Any CPU
		{D4220925-0951-4C65-B27A-A0945A2E7396}.TobiProject|x86.ActiveCfg = Debug|Any CPU
		{D4220925-0951-4C65-B27A-A0945A2E7396}.TobiProject|x86.Build.0 = Debug|Any CPU
	EndGlobalSection
	GlobalSection(SolutionProperties) = preSolution
		HideSolutionNode = FALSE
	EndGlobalSection
	GlobalSection(ExtensibilityGlobals) = postSolution
		SolutionGuid = {80D03C3C-D077-47EA-A2C6-2EBCB2DBE33C}
	EndGlobalSection
EndGlobal
