Microsoft Visual Studio Solution File, Format Version 12.00
# Visual Studio 15
VisualStudioVersion = 15.0.28010.2050
MinimumVisualStudioVersion = 10.0.40219.1
Project("{FAE04EC0-301F-11D3-BF4B-00C04F79EFBC}") = "Droid.Infra.UI", "Droid.Infra.UI\Droid.Infra.UI.csproj", "{6827572C-022E-4C94-8E6C-4F4FC7AEAB18}"
EndProject
Project("{FAE04EC0-301F-11D3-BF4B-00C04F79EFBC}") = "UnitTest.Infra", "UnitTestProject\UnitTest.Infra.csproj", "{0502E480-EFF4-4EF5-9823-5DD0638EE4C3}"
EndProject
Project("{FAE04EC0-301F-11D3-BF4B-00C04F79EFBC}") = "Droid.Infra", "Droid.Infra\Droid.Infra.csproj", "{FBE96590-61D5-4EA7-8D07-7FA9B501C0D6}"
EndProject
Global
	GlobalSection(SolutionConfigurationPlatforms) = preSolution
		Debug|Any CPU = Debug|Any CPU
		Debug|x64 = Debug|x64
		Debug|x86 = Debug|x86
		Droid|Any CPU = Droid|Any CPU
		Droid|x64 = Droid|x64
		Droid|x86 = Droid|x86
		Release|Any CPU = Release|Any CPU
		Release|x64 = Release|x64
		Release|x86 = Release|x86
		TobiProject|Any CPU = TobiProject|Any CPU
		TobiProject|x64 = TobiProject|x64
		TobiProject|x86 = TobiProject|x86
	EndGlobalSection
	GlobalSection(ProjectConfigurationPlatforms) = postSolution
		{6827572C-022E-4C94-8E6C-4F4FC7AEAB18}.Debug|Any CPU.ActiveCfg = Debug|Any CPU
		{6827572C-022E-4C94-8E6C-4F4FC7AEAB18}.Debug|Any CPU.Build.0 = Debug|Any CPU
		{6827572C-022E-4C94-8E6C-4F4FC7AEAB18}.Debug|x64.ActiveCfg = Debug|x64
		{6827572C-022E-4C94-8E6C-4F4FC7AEAB18}.Debug|x64.Build.0 = Debug|x64
		{6827572C-022E-4C94-8E6C-4F4FC7AEAB18}.Debug|x86.ActiveCfg = Debug|x86
		{6827572C-022E-4C94-8E6C-4F4FC7AEAB18}.Debug|x86.Build.0 = Debug|x86
		{6827572C-022E-4C94-8E6C-4F4FC7AEAB18}.Droid|Any CPU.ActiveCfg = Droid|Any CPU
		{6827572C-022E-4C94-8E6C-4F4FC7AEAB18}.Droid|Any CPU.Build.0 = Droid|Any CPU
		{6827572C-022E-4C94-8E6C-4F4FC7AEAB18}.Droid|x64.ActiveCfg = Droid|x64
		{6827572C-022E-4C94-8E6C-4F4FC7AEAB18}.Droid|x64.Build.0 = Droid|x64
		{6827572C-022E-4C94-8E6C-4F4FC7AEAB18}.Droid|x86.ActiveCfg = Droid|x86
		{6827572C-022E-4C94-8E6C-4F4FC7AEAB18}.Droid|x86.Build.0 = Droid|x86
		{6827572C-022E-4C94-8E6C-4F4FC7AEAB18}.Release|Any CPU.ActiveCfg = Release|Any CPU
		{6827572C-022E-4C94-8E6C-4F4FC7AEAB18}.Release|Any CPU.Build.0 = Release|Any CPU
		{6827572C-022E-4C94-8E6C-4F4FC7AEAB18}.Release|x64.ActiveCfg = Release|x64
		{6827572C-022E-4C94-8E6C-4F4FC7AEAB18}.Release|x64.Build.0 = Release|x64
		{6827572C-022E-4C94-8E6C-4F4FC7AEAB18}.Release|x86.ActiveCfg = Release|x86
		{6827572C-022E-4C94-8E6C-4F4FC7AEAB18}.Release|x86.Build.0 = Release|x86
		{6827572C-022E-4C94-8E6C-4F4FC7AEAB18}.TobiProject|Any CPU.ActiveCfg = TobiProject|Any CPU
		{6827572C-022E-4C94-8E6C-4F4FC7AEAB18}.TobiProject|Any CPU.Build.0 = TobiProject|Any CPU
		{6827572C-022E-4C94-8E6C-4F4FC7AEAB18}.TobiProject|x64.ActiveCfg = TobiProject|x64
		{6827572C-022E-4C94-8E6C-4F4FC7AEAB18}.TobiProject|x64.Build.0 = TobiProject|x64
		{6827572C-022E-4C94-8E6C-4F4FC7AEAB18}.TobiProject|x86.ActiveCfg = TobiProject|x86
		{6827572C-022E-4C94-8E6C-4F4FC7AEAB18}.TobiProject|x86.Build.0 = TobiProject|x86
		{0502E480-EFF4-4EF5-9823-5DD0638EE4C3}.Debug|Any CPU.ActiveCfg = Debug|Any CPU
		{0502E480-EFF4-4EF5-9823-5DD0638EE4C3}.Debug|Any CPU.Build.0 = Debug|Any CPU
		{0502E480-EFF4-4EF5-9823-5DD0638EE4C3}.Debug|x64.ActiveCfg = Debug|x64
		{0502E480-EFF4-4EF5-9823-5DD0638EE4C3}.Debug|x64.Build.0 = Debug|x64
		{0502E480-EFF4-4EF5-9823-5DD0638EE4C3}.Debug|x86.ActiveCfg = Debug|x86
		{0502E480-EFF4-4EF5-9823-5DD0638EE4C3}.Debug|x86.Build.0 = Debug|x86
		{0502E480-EFF4-4EF5-9823-5DD0638EE4C3}.Droid|Any CPU.ActiveCfg = Droid|Any CPU
		{0502E480-EFF4-4EF5-9823-5DD0638EE4C3}.Droid|Any CPU.Build.0 = Droid|Any CPU
		{0502E480-EFF4-4EF5-9823-5DD0638EE4C3}.Droid|x64.ActiveCfg = Droid|x64
		{0502E480-EFF4-4EF5-9823-5DD0638EE4C3}.Droid|x64.Build.0 = Droid|x64
		{0502E480-EFF4-4EF5-9823-5DD0638EE4C3}.Droid|x86.ActiveCfg = Droid|x86
		{0502E480-EFF4-4EF5-9823-5DD0638EE4C3}.Droid|x86.Build.0 = Droid|x86
		{0502E480-EFF4-4EF5-9823-5DD0638EE4C3}.Release|Any CPU.ActiveCfg = Release|Any CPU
		{0502E480-EFF4-4EF5-9823-5DD0638EE4C3}.Release|Any CPU.Build.0 = Release|Any CPU
		{0502E480-EFF4-4EF5-9823-5DD0638EE4C3}.Release|x64.ActiveCfg = Release|x64
		{0502E480-EFF4-4EF5-9823-5DD0638EE4C3}.Release|x64.Build.0 = Release|x64
		{0502E480-EFF4-4EF5-9823-5DD0638EE4C3}.Release|x86.ActiveCfg = Release|x86
		{0502E480-EFF4-4EF5-9823-5DD0638EE4C3}.Release|x86.Build.0 = Release|x86
		{0502E480-EFF4-4EF5-9823-5DD0638EE4C3}.TobiProject|Any CPU.ActiveCfg = TobiProject|Any CPU
		{0502E480-EFF4-4EF5-9823-5DD0638EE4C3}.TobiProject|Any CPU.Build.0 = TobiProject|Any CPU
		{0502E480-EFF4-4EF5-9823-5DD0638EE4C3}.TobiProject|x64.ActiveCfg = TobiProject|x64
		{0502E480-EFF4-4EF5-9823-5DD0638EE4C3}.TobiProject|x64.Build.0 = TobiProject|x64
		{0502E480-EFF4-4EF5-9823-5DD0638EE4C3}.TobiProject|x86.ActiveCfg = TobiProject|x86
		{0502E480-EFF4-4EF5-9823-5DD0638EE4C3}.TobiProject|x86.Build.0 = TobiProject|x86
		{FBE96590-61D5-4EA7-8D07-7FA9B501C0D6}.Debug|Any CPU.ActiveCfg = Debug|Any CPU
		{FBE96590-61D5-4EA7-8D07-7FA9B501C0D6}.Debug|Any CPU.Build.0 = Debug|Any CPU
		{FBE96590-61D5-4EA7-8D07-7FA9B501C0D6}.Debug|x64.ActiveCfg = Debug|Any CPU
		{FBE96590-61D5-4EA7-8D07-7FA9B501C0D6}.Debug|x64.Build.0 = Debug|Any CPU
		{FBE96590-61D5-4EA7-8D07-7FA9B501C0D6}.Debug|x86.ActiveCfg = Debug|Any CPU
		{FBE96590-61D5-4EA7-8D07-7FA9B501C0D6}.Debug|x86.Build.0 = Debug|Any CPU
		{FBE96590-61D5-4EA7-8D07-7FA9B501C0D6}.Droid|Any CPU.ActiveCfg = Debug|Any CPU
		{FBE96590-61D5-4EA7-8D07-7FA9B501C0D6}.Droid|Any CPU.Build.0 = Debug|Any CPU
		{FBE96590-61D5-4EA7-8D07-7FA9B501C0D6}.Droid|x64.ActiveCfg = Debug|Any CPU
		{FBE96590-61D5-4EA7-8D07-7FA9B501C0D6}.Droid|x64.Build.0 = Debug|Any CPU
		{FBE96590-61D5-4EA7-8D07-7FA9B501C0D6}.Droid|x86.ActiveCfg = Debug|Any CPU
		{FBE96590-61D5-4EA7-8D07-7FA9B501C0D6}.Droid|x86.Build.0 = Debug|Any CPU
		{FBE96590-61D5-4EA7-8D07-7FA9B501C0D6}.Release|Any CPU.ActiveCfg = Release|Any CPU
		{FBE96590-61D5-4EA7-8D07-7FA9B501C0D6}.Release|Any CPU.Build.0 = Release|Any CPU
		{FBE96590-61D5-4EA7-8D07-7FA9B501C0D6}.Release|x64.ActiveCfg = Release|Any CPU
		{FBE96590-61D5-4EA7-8D07-7FA9B501C0D6}.Release|x64.Build.0 = Release|Any CPU
		{FBE96590-61D5-4EA7-8D07-7FA9B501C0D6}.Release|x86.ActiveCfg = Release|Any CPU
		{FBE96590-61D5-4EA7-8D07-7FA9B501C0D6}.Release|x86.Build.0 = Release|Any CPU
		{FBE96590-61D5-4EA7-8D07-7FA9B501C0D6}.TobiProject|Any CPU.ActiveCfg = Debug|Any CPU
		{FBE96590-61D5-4EA7-8D07-7FA9B501C0D6}.TobiProject|Any CPU.Build.0 = Debug|Any CPU
		{FBE96590-61D5-4EA7-8D07-7FA9B501C0D6}.TobiProject|x64.ActiveCfg = Debug|Any CPU
		{FBE96590-61D5-4EA7-8D07-7FA9B501C0D6}.TobiProject|x64.Build.0 = Debug|Any CPU
		{FBE96590-61D5-4EA7-8D07-7FA9B501C0D6}.TobiProject|x86.ActiveCfg = Debug|Any CPU
		{FBE96590-61D5-4EA7-8D07-7FA9B501C0D6}.TobiProject|x86.Build.0 = Debug|Any CPU
	EndGlobalSection
	GlobalSection(SolutionProperties) = preSolution
		HideSolutionNode = FALSE
	EndGlobalSection
	GlobalSection(ExtensibilityGlobals) = postSolution
		SolutionGuid = {80D03C3C-D077-47EA-A2C6-2EBCB2DBE33C}
	EndGlobalSection
EndGlobal
